{
  "name": "dedupe-example",
  "version": "1.0.0",
  "lockfileVersion": 1,
  "requires": true,
  "dependencies": {
    "dedupe-example-dependency-a": {
      "version": "1.0.1",
      "resolved": "https://registry.npmjs.org/dedupe-example-dependency-a/-/dedupe-example-dependency-a-1.0.1.tgz",
      "integrity": "sha512-084lslbXErQXK9453LQv20L/VeaPJDLKJt3d8rAnCD5xw8TV/sc/1ll0buazHZOydqF7VaozPg7YZsAUBvtc8A==",
      "requires": {
        "lodash": "3.10.1"
      },
      "dependencies": {
        "lodash": {
          "version": "3.10.1",
          "resolved": "https://registry.npmjs.org/lodash/-/lodash-3.10.1.tgz",
          "integrity": "sha1-W/Rejkm6QYnhfUgnid/RW9FAt7Y="
        }
      }
    },
    "dedupe-example-dependency-b": {
      "version": "1.0.1",
      "resolved": "https://registry.npmjs.org/dedupe-example-dependency-b/-/dedupe-example-dependency-b-1.0.1.tgz",
      "integrity": "sha512-nzBMbo9+EDKmwYtrtsj6uzuNlXQ8MyTPNVuWNSaEW+FkWFIlsReuPm/ZdpI16B4xhy2pb0fyGiOjlT8hxEG52w==",
      "requires": {
        "lodash": "3.10.1"
      },
      "dependencies": {
        "lodash": {
          "version": "3.10.1",
          "resolved": "https://registry.npmjs.org/lodash/-/lodash-3.10.1.tgz",
          "integrity": "sha1-W/Rejkm6QYnhfUgnid/RW9FAt7Y="
        }
      }
    },
    "lodash": {
      "version": "4.17.4",
      "resolved": "https://registry.npmjs.org/lodash/-/lodash-4.17.4.tgz",
      "integrity": "sha1-eCA6TRwyiuHYbcpkYONptX9AVa4="
    }
  }
}
